// !$*UTF8*$!
{
	archiveVersion = 1;
	classes = {
	};
	objectVersion = 50;
	objects = {

/* Begin PBXGroup section */
		C5A6EF7326F3388B0096D4DE = {
			isa = PBXGroup;
			children = (
			);
			sourceTree = "<group>";
		};
/* End PBXGroup section */

/* Begin PBXProject section */
		C5A6EF7426F3388B0096D4DE /* Project object */ = {
			isa = PBXProject;
			attributes = {
				LastUpgradeCheck = 1250;
			};
			buildConfigurationList = C5A6EF7726F3388B0096D4DE /* Build configuration list for PBXProject "jsproject" */;
			compatibilityVersion = "Xcode 9.3";
			developmentRegion = en;
			hasScannedForEncodings = 0;
			knownRegions = (
				en,
				Base,
			);
			mainGroup = C5A6EF7326F3388B0096D4DE;
			projectDirPath = "";
			projectRoot = "";
			targets = (
			);
		};
/* End PBXProject section */

/* Begin XCBuildConfiguration section */
		C5A6EF7826F3388B0096D4DE /* Debug */ = {
			isa = XCBuildConfiguration;
			buildSettings = {
			};
			name = Debug;
		};
		C5A6EF7926F3388B0096D4DE /* Release */ = {
			isa = XCBuildConfiguration;
			buildSettings = {
			};
			name = Release;
		};
/* End XCBuildConfiguration section */

/* Begin XCConfigurationList section */
		C5A6EF7726F3388B0096D4DE /* Build configuration list for PBXProject "jsproject" */ = {
			isa = XCConfigurationList;
			buildConfigurations = (
				C5A6EF7826F3388B0096D4DE /* Debug */,
				C5A6EF7926F3388B0096D4DE /* Release */,
			);
			defaultConfigurationIsVisible = 0;
			defaultConfigurationName = Release;
		};
/* End XCConfigurationList section */
	};
	rootObject = C5A6EF7426F3388B0096D4DE /* Project object */;
}
